
Microsoft Visual Studio Solution File, Format Version 12.00
# Visual Studio Version 16
VisualStudioVersion = 25.0.1706.0
MinimumVisualStudioVersion = 10.0.40219.1
Project("{FAE04EC0-301F-11D3-BF4B-00C04F79EFBC}") = "StreamVault", "StreamVault\StreamVault.csproj", "{6E63A14A-19DC-4E79-9A34-5D48D50AECA5}"
EndProject
Global
	GlobalSection(SolutionConfigurationPlatforms) = preSolution
		Debug|Any CPU = Debug|Any CPU
		Release|Any CPU = Release|Any CPU
	EndGlobalSection
	GlobalSection(ProjectConfigurationPlatforms) = postSolution
		{6E63A14A-19DC-4E79-9A34-5D48D50AECA5}.Debug|Any CPU.ActiveCfg = Debug|Any CPU
		{6E63A14A-19DC-4E79-9A34-5D48D50AECA5}.Debug|Any CPU.Build.0 = Debug|Any CPU
		{6E63A14A-19DC-4E79-9A34-5D48D50AECA5}.Release|Any CPU.ActiveCfg = Release|Any CPU
		{6E63A14A-19DC-4E79-9A34-5D48D50AECA5}.Release|Any CPU.Build.0 = Release|Any CPU
	EndGlobalSection
	GlobalSection(SolutionProperties) = preSolution
		HideSolutionNode = FALSE
	EndGlobalSection
	GlobalSection(ExtensibilityGlobals) = postSolution
		SolutionGuid = {28D36405-D734-415B-805D-3FF8234DD6BB}
	EndGlobalSection
EndGlobal
